
Microsoft Visual Studio Solution File, Format Version 12.00
# Visual Studio Version 16
VisualStudioVersion = 16.0.30104.148
MinimumVisualStudioVersion = 10.0.40219.1
Project("{FAE04EC0-301F-11D3-BF4B-00C04F79EFBC}") = "Game2", "Game2.csproj", "{6DE4C7CD-6368-4954-BD0A-0C9F80BEB16B}"
EndProject
Global
	GlobalSection(SolutionConfigurationPlatforms) = preSolution
		Debug|Any CPU = Debug|Any CPU
		Release|Any CPU = Release|Any CPU
	EndGlobalSection
	GlobalSection(ProjectConfigurationPlatforms) = postSolution
		{6DE4C7CD-6368-4954-BD0A-0C9F80BEB16B}.Debug|Any CPU.ActiveCfg = Debug|Any CPU
		{6DE4C7CD-6368-4954-BD0A-0C9F80BEB16B}.Debug|Any CPU.Build.0 = Debug|Any CPU
		{6DE4C7CD-6368-4954-BD0A-0C9F80BEB16B}.Release|Any CPU.ActiveCfg = Release|Any CPU
		{6DE4C7CD-6368-4954-BD0A-0C9F80BEB16B}.Release|Any CPU.Build.0 = Release|Any CPU
	EndGlobalSection
	GlobalSection(SolutionProperties) = preSolution
		HideSolutionNode = FALSE
	EndGlobalSection
	GlobalSection(ExtensibilityGlobals) = postSolution
		SolutionGuid = {F98AC8CD-9AA1-41FF-9B2B-875BA7D8D168}
	EndGlobalSection
EndGlobal
